<?xml version="1.0" encoding="utf-8"?>
<Project ToolsVersion="4.0" xmlns="http://schemas.microsoft.com/developer/msbuild/2003">
  <ItemGroup>
    <ClCompile Include="src\ofApp.cpp">
      <Filter>src</Filter>
    </ClCompile>
    <ClCompile Include="src\main.cpp">
      <Filter>src</Filter>
    </ClCompile>
    <ClCompile Include="src\ButtonManager.cpp">
      <Filter>src</Filter>
    </ClCompile>
    <ClCompile Include="src\ButtonPanel.cpp">
      <Filter>src</Filter>
    </ClCompile>
    <ClCompile Include="src\File.cpp">
      <Filter>src</Filter>
    </ClCompile>
    <ClCompile Include="src\filtersPanel.cpp">
      <Filter>src</Filter>
    </ClCompile>
    <ClCompile Include="src\FlashItem.cpp">
      <Filter>src</Filter>
    </ClCompile>
    <ClCompile Include="src\fontstash.c">
      <Filter>src</Filter>
    </ClCompile>
    <ClCompile Include="src\Gallery.cpp">
      <Filter>src</Filter>
    </ClCompile>
    <ClCompile Include="src\ImageFile.cpp">
      <Filter>src</Filter>
    </ClCompile>
    <ClCompile Include="src\ListItem.cpp">
      <Filter>src</Filter>
    </ClCompile>
    <ClCompile Include="src\main.cpp">
      <Filter>src</Filter>
    </ClCompile>
    <ClCompile Include="src\metadataPanel.cpp">
      <Filter>src</Filter>
    </ClCompile>
    <ClCompile Include="src\ofApp.cpp">
      <Filter>src</Filter>
    </ClCompile>
    <ClCompile Include="src\ofxFontStash.cpp">
      <Filter>src</Filter>
    </ClCompile>
    <ClCompile Include="src\SelectionItem.cpp">
      <Filter>src</Filter>
    </ClCompile>
    <ClCompile Include="src\SimpleButton.cpp">
      <Filter>src</Filter>
    </ClCompile>
    <ClCompile Include="src\SliderItem.cpp">
      <Filter>src</Filter>
    </ClCompile>
    <ClCompile Include="src\stb_truetype.c">
      <Filter>src</Filter>
    </ClCompile>
    <ClCompile Include="src\ToggleItem.cpp">
      <Filter>src</Filter>
    </ClCompile>
    <ClCompile Include="src\VideoFile.cpp">
      <Filter>src</Filter>
    </ClCompile>
    <ClCompile Include="..\..\..\..\addons\ofxGui\src\ofxBaseGui.cpp">
      <Filter>addons\ofxGui\src</Filter>
    </ClCompile>
    <ClCompile Include="..\..\..\..\addons\ofxGui\src\ofxButton.cpp">
      <Filter>addons\ofxGui\src</Filter>
    </ClCompile>
    <ClCompile Include="..\..\..\..\addons\ofxGui\src\ofxGuiGroup.cpp">
      <Filter>addons\ofxGui\src</Filter>
    </ClCompile>
    <ClCompile Include="..\..\..\..\addons\ofxGui\src\ofxLabel.cpp">
      <Filter>addons\ofxGui\src</Filter>
    </ClCompile>
    <ClCompile Include="..\..\..\..\addons\ofxGui\src\ofxPanel.cpp">
      <Filter>addons\ofxGui\src</Filter>
    </ClCompile>
    <ClCompile Include="..\..\..\..\addons\ofxGui\src\ofxSlider.cpp">
      <Filter>addons\ofxGui\src</Filter>
    </ClCompile>
    <ClCompile Include="..\..\..\..\addons\ofxGui\src\ofxSliderGroup.cpp">
      <Filter>addons\ofxGui\src</Filter>
    </ClCompile>
    <ClCompile Include="..\..\..\..\addons\ofxGui\src\ofxToggle.cpp">
      <Filter>addons\ofxGui\src</Filter>
    </ClCompile>
    <ClCompile Include="..\..\..\..\addons\ofxXmlSettings\src\ofxXmlSettings.cpp">
      <Filter>addons\ofxXmlSettings\src</Filter>
    </ClCompile>
    <ClCompile Include="..\..\..\..\addons\ofxXmlSettings\libs\tinyxml.cpp">
      <Filter>addons\ofxXmlSettings\libs</Filter>
    </ClCompile>
    <ClCompile Include="..\..\..\..\addons\ofxXmlSettings\libs\tinyxmlerror.cpp">
      <Filter>addons\ofxXmlSettings\libs</Filter>
    </ClCompile>
    <ClCompile Include="..\..\..\..\addons\ofxXmlSettings\libs\tinyxmlparser.cpp">
      <Filter>addons\ofxXmlSettings\libs</Filter>
    </ClCompile>
    <ClCompile Include="src\extractor.cpp">
      <Filter>src</Filter>
    </ClCompile>
    <ClCompile Include="src\mlclass.cpp">
      <Filter>src</Filter>
    </ClCompile>
    <ClCompile Include="src\processing.cpp">
      <Filter>src</Filter>
    </ClCompile>
    <ClCompile Include="src\utility.cpp">
      <Filter>src</Filter>
    </ClCompile>
    <ClCompile Include="src\RunningStats.cpp" />
    <ClCompile Include="..\..\..\..\addons\ofxDatGui-dev\src\ofxDatGui.cpp">
      <Filter>addons\ofxDatGui-dev\src</Filter>
    </ClCompile>
    <ClCompile Include="..\..\..\..\addons\ofxDatGui-dev\src\core\ofxDatGuiComponent.cpp">
      <Filter>addons\ofxDatGui-dev\src\core</Filter>
    </ClCompile>
    <ClCompile Include="..\..\..\..\addons\ofxDatGui-dev\src\libs\ofxSmartFont\ofxSmartFont.cpp">
      <Filter>addons\ofxDatGui-dev\src\libs\ofxSmartFont</Filter>
    </ClCompile>
  </ItemGroup>
  <ItemGroup>
    <Filter Include="src">
      <UniqueIdentifier>{d8376475-7454-4a24-b08a-aac121d3ad6f}</UniqueIdentifier>
    </Filter>
    <Filter Include="addons">
      <UniqueIdentifier>{71834F65-F3A9-211E-73B8-DC85}</UniqueIdentifier>
    </Filter>
    <Filter Include="addons\ofxGui">
      <UniqueIdentifier>{4F2A59AF-5F4E-704B-D067-EC13}</UniqueIdentifier>
    </Filter>
    <Filter Include="addons\ofxGui\src">
      <UniqueIdentifier>{645E9533-4DCD-6179-1CDF-CB65}</UniqueIdentifier>
    </Filter>
    <Filter Include="addons\ofxXmlSettings">
      <UniqueIdentifier>{877F005D-13E6-0592-1D97-F2E3}</UniqueIdentifier>
    </Filter>
    <Filter Include="addons\ofxXmlSettings\src">
      <UniqueIdentifier>{CCB2AC63-49D2-977C-CFE8-AEAD}</UniqueIdentifier>
    </Filter>
    <Filter Include="addons\ofxXmlSettings\libs">
      <UniqueIdentifier>{687714A8-1662-FA1C-261F-50F0}</UniqueIdentifier>
    </Filter>
    <Filter Include="addons\ofxDatGui-dev">
      <UniqueIdentifier>{47b7324e-1ae6-4237-8ba4-0064090f6354}</UniqueIdentifier>
    </Filter>
    <Filter Include="addons\ofxDatGui-dev\src">
      <UniqueIdentifier>{f4ae999d-24cd-4c0a-ab9e-b7ffb1326444}</UniqueIdentifier>
    </Filter>
    <Filter Include="addons\ofxDatGui-dev\src\components">
      <UniqueIdentifier>{c563dca2-7673-456e-8293-6f43c75b16f9}</UniqueIdentifier>
    </Filter>
    <Filter Include="addons\ofxDatGui-dev\src\core">
      <UniqueIdentifier>{5f85690c-da54-49dd-86f4-9bba08233ee1}</UniqueIdentifier>
    </Filter>
    <Filter Include="addons\ofxDatGui-dev\src\libs">
      <UniqueIdentifier>{e41aca45-97f0-4c10-bf45-3778c591cf74}</UniqueIdentifier>
    </Filter>
    <Filter Include="addons\ofxDatGui-dev\src\libs\ofxSmartFont">
      <UniqueIdentifier>{29e613b7-8e11-4fb7-b4ec-436874943a18}</UniqueIdentifier>
    </Filter>
    <Filter Include="addons\ofxDatGui-dev\src\themes">
      <UniqueIdentifier>{b38e0128-daed-4c54-abcc-f3f2c867a181}</UniqueIdentifier>
    </Filter>
  </ItemGroup>
  <ItemGroup>
    <ClInclude Include="src\ofApp.h">
      <Filter>src</Filter>
    </ClInclude>
    <ClInclude Include="src\ButtonManager.h">
      <Filter>src</Filter>
    </ClInclude>
    <ClInclude Include="src\ButtonPanel.h">
      <Filter>src</Filter>
    </ClInclude>
    <ClInclude Include="src\File.h">
      <Filter>src</Filter>
    </ClInclude>
    <ClInclude Include="src\filtersPanel.h">
      <Filter>src</Filter>
    </ClInclude>
    <ClInclude Include="src\FlashItem.h">
      <Filter>src</Filter>
    </ClInclude>
    <ClInclude Include="src\fontstash.h">
      <Filter>src</Filter>
    </ClInclude>
    <ClInclude Include="src\Gallery.h">
      <Filter>src</Filter>
    </ClInclude>
    <ClInclude Include="src\ImageFile.h">
      <Filter>src</Filter>
    </ClInclude>
    <ClInclude Include="src\ListItem.h">
      <Filter>src</Filter>
    </ClInclude>
    <ClInclude Include="src\metadataPanel.h">
      <Filter>src</Filter>
    </ClInclude>
    <ClInclude Include="src\ofApp.h">
      <Filter>src</Filter>
    </ClInclude>
    <ClInclude Include="src\ofxButtons.h">
      <Filter>src</Filter>
    </ClInclude>
    <ClInclude Include="src\ofxFontStash.h">
      <Filter>src</Filter>
    </ClInclude>
    <ClInclude Include="src\SelectionItem.h">
      <Filter>src</Filter>
    </ClInclude>
    <ClInclude Include="src\SimpleButton.h">
      <Filter>src</Filter>
    </ClInclude>
    <ClInclude Include="src\SliderItem.h">
      <Filter>src</Filter>
    </ClInclude>
    <ClInclude Include="src\stb_truetype.h">
      <Filter>src</Filter>
    </ClInclude>
    <ClInclude Include="src\ToggleItem.h">
      <Filter>src</Filter>
    </ClInclude>
    <ClInclude Include="src\VideoFile.h">
      <Filter>src</Filter>
    </ClInclude>
    <ClInclude Include="..\..\..\..\addons\ofxGui\src\ofxBaseGui.h">
      <Filter>addons\ofxGui\src</Filter>
    </ClInclude>
    <ClInclude Include="..\..\..\..\addons\ofxGui\src\ofxButton.h">
      <Filter>addons\ofxGui\src</Filter>
    </ClInclude>
    <ClInclude Include="..\..\..\..\addons\ofxGui\src\ofxGui.h">
      <Filter>addons\ofxGui\src</Filter>
    </ClInclude>
    <ClInclude Include="..\..\..\..\addons\ofxGui\src\ofxGuiGroup.h">
      <Filter>addons\ofxGui\src</Filter>
    </ClInclude>
    <ClInclude Include="..\..\..\..\addons\ofxGui\src\ofxLabel.h">
      <Filter>addons\ofxGui\src</Filter>
    </ClInclude>
    <ClInclude Include="..\..\..\..\addons\ofxGui\src\ofxPanel.h">
      <Filter>addons\ofxGui\src</Filter>
    </ClInclude>
    <ClInclude Include="..\..\..\..\addons\ofxGui\src\ofxSlider.h">
      <Filter>addons\ofxGui\src</Filter>
    </ClInclude>
    <ClInclude Include="..\..\..\..\addons\ofxGui\src\ofxSliderGroup.h">
      <Filter>addons\ofxGui\src</Filter>
    </ClInclude>
    <ClInclude Include="..\..\..\..\addons\ofxGui\src\ofxToggle.h">
      <Filter>addons\ofxGui\src</Filter>
    </ClInclude>
    <ClInclude Include="..\..\..\..\addons\ofxXmlSettings\src\ofxXmlSettings.h">
      <Filter>addons\ofxXmlSettings\src</Filter>
    </ClInclude>
    <ClInclude Include="..\..\..\..\addons\ofxXmlSettings\libs\tinyxml.h">
      <Filter>addons\ofxXmlSettings\libs</Filter>
    </ClInclude>
    <ClInclude Include="src\extractor.h">
      <Filter>src</Filter>
    </ClInclude>
    <ClInclude Include="src\mlclass.h">
      <Filter>src</Filter>
    </ClInclude>
    <ClInclude Include="src\processing.h">
      <Filter>src</Filter>
    </ClInclude>
    <ClInclude Include="src\utility.h">
      <Filter>src</Filter>
    </ClInclude>
    <ClInclude Include="src\RunningStats.h" />
    <ClInclude Include="src\json.hpp" />
    <ClInclude Include="..\..\..\..\addons\ofxDatGui-dev\src\ofxDatGui.h">
      <Filter>addons\ofxDatGui-dev\src</Filter>
    </ClInclude>
    <ClInclude Include="..\..\..\..\addons\ofxDatGui-dev\src\components\ofxDatGui2dPad.h">
      <Filter>addons\ofxDatGui-dev\src\components</Filter>
    </ClInclude>
    <ClInclude Include="..\..\..\..\addons\ofxDatGui-dev\src\components\ofxDatGuiButton.h">
      <Filter>addons\ofxDatGui-dev\src\components</Filter>
    </ClInclude>
    <ClInclude Include="..\..\..\..\addons\ofxDatGui-dev\src\components\ofxDatGuiColorPicker.h">
      <Filter>addons\ofxDatGui-dev\src\components</Filter>
    </ClInclude>
    <ClInclude Include="..\..\..\..\addons\ofxDatGui-dev\src\components\ofxDatGuiControls.h">
      <Filter>addons\ofxDatGui-dev\src\components</Filter>
    </ClInclude>
    <ClInclude Include="..\..\..\..\addons\ofxDatGui-dev\src\components\ofxDatGuiFRM.h">
      <Filter>addons\ofxDatGui-dev\src\components</Filter>
    </ClInclude>
    <ClInclude Include="..\..\..\..\addons\ofxDatGui-dev\src\components\ofxDatGuiGroups.h">
      <Filter>addons\ofxDatGui-dev\src\components</Filter>
    </ClInclude>
    <ClInclude Include="..\..\..\..\addons\ofxDatGui-dev\src\components\ofxDatGuiLabel.h">
      <Filter>addons\ofxDatGui-dev\src\components</Filter>
    </ClInclude>
    <ClInclude Include="..\..\..\..\addons\ofxDatGui-dev\src\components\ofxDatGuiMatrix.h">
      <Filter>addons\ofxDatGui-dev\src\components</Filter>
    </ClInclude>
    <ClInclude Include="..\..\..\..\addons\ofxDatGui-dev\src\components\ofxDatGuiScrollView.h">
      <Filter>addons\ofxDatGui-dev\src\components</Filter>
    </ClInclude>
    <ClInclude Include="..\..\..\..\addons\ofxDatGui-dev\src\components\ofxDatGuiSlider.h">
      <Filter>addons\ofxDatGui-dev\src\components</Filter>
    </ClInclude>
    <ClInclude Include="..\..\..\..\addons\ofxDatGui-dev\src\components\ofxDatGuiTextInput.h">
      <Filter>addons\ofxDatGui-dev\src\components</Filter>
    </ClInclude>
    <ClInclude Include="..\..\..\..\addons\ofxDatGui-dev\src\components\ofxDatGuiTextInputField.h">
      <Filter>addons\ofxDatGui-dev\src\components</Filter>
    </ClInclude>
    <ClInclude Include="..\..\..\..\addons\ofxDatGui-dev\src\components\ofxDatGuiTimeGraph.h">
      <Filter>addons\ofxDatGui-dev\src\components</Filter>
    </ClInclude>
    <ClInclude Include="..\..\..\..\addons\ofxDatGui-dev\src\core\ofxDatGuiComponent.h">
      <Filter>addons\ofxDatGui-dev\src\core</Filter>
    </ClInclude>
    <ClInclude Include="..\..\..\..\addons\ofxDatGui-dev\src\core\ofxDatGuiConstants.h">
      <Filter>addons\ofxDatGui-dev\src\core</Filter>
    </ClInclude>
    <ClInclude Include="..\..\..\..\addons\ofxDatGui-dev\src\core\ofxDatGuiEvents.h">
      <Filter>addons\ofxDatGui-dev\src\core</Filter>
    </ClInclude>
    <ClInclude Include="..\..\..\..\addons\ofxDatGui-dev\src\core\ofxDatGuiIntObject.h">
      <Filter>addons\ofxDatGui-dev\src\core</Filter>
    </ClInclude>
    <ClInclude Include="..\..\..\..\addons\ofxDatGui-dev\src\libs\ofxSmartFont\ofxSmartFont.h">
      <Filter>addons\ofxDatGui-dev\src\libs\ofxSmartFont</Filter>
    </ClInclude>
    <ClInclude Include="..\..\..\..\addons\ofxDatGui-dev\src\themes\ofxDatGuiTheme.h">
      <Filter>addons\ofxDatGui-dev\src\themes</Filter>
    </ClInclude>
    <ClInclude Include="..\..\..\..\addons\ofxDatGui-dev\src\themes\ofxDatGuiThemes.h">
      <Filter>addons\ofxDatGui-dev\src\themes</Filter>
    </ClInclude>
  </ItemGroup>
  <ItemGroup>
    <ResourceCompile Include="icon.rc" />
  </ItemGroup>
</Project>